
Microsoft Visual Studio Solution File, Format Version 12.00
# Visual Studio 15
VisualStudioVersion = 15.0.27130.2010
MinimumVisualStudioVersion = 10.0.40219.1
Project("{FAE04EC0-301F-11D3-BF4B-00C04F79EFBC}") = "CodeFirstEF", "CodeFirstEF\CodeFirstEF.csproj", "{262565D3-B121-4E6C-9989-ED185CCB79D0}"
EndProject
Global
	GlobalSection(SolutionConfigurationPlatforms) = preSolution
		Debug|Any CPU = Debug|Any CPU
		Release|Any CPU = Release|Any CPU
	EndGlobalSection
	GlobalSection(ProjectConfigurationPlatforms) = postSolution
		{262565D3-B121-4E6C-9989-ED185CCB79D0}.Debug|Any CPU.ActiveCfg = Debug|Any CPU
		{262565D3-B121-4E6C-9989-ED185CCB79D0}.Debug|Any CPU.Build.0 = Debug|Any CPU
		{262565D3-B121-4E6C-9989-ED185CCB79D0}.Release|Any CPU.ActiveCfg = Release|Any CPU
		{262565D3-B121-4E6C-9989-ED185CCB79D0}.Release|Any CPU.Build.0 = Release|Any CPU
	EndGlobalSection
	GlobalSection(SolutionProperties) = preSolution
		HideSolutionNode = FALSE
	EndGlobalSection
	GlobalSection(ExtensibilityGlobals) = postSolution
		SolutionGuid = {E2100A3B-F0C3-4D77-A71F-7B32EF5442EF}
	EndGlobalSection
EndGlobal
